<?xml version="1.0" encoding="utf-8"?>
<Project ToolsVersion="4.0" xmlns="http://schemas.microsoft.com/developer/msbuild/2003">
  <ItemGroup>
    <Filter Include="Source Files">
      <UniqueIdentifier>{4FC737F1-C7A5-4376-A066-2A32D752A2FF}</UniqueIdentifier>
      <Extensions>cpp;c;cc;cxx;c++;cppm;ixx;def;odl;idl;hpj;bat;asm;asmx</Extensions>
    </Filter>
    <Filter Include="Header Files">
      <UniqueIdentifier>{93995380-89BD-4b04-88EB-625FBE52EBFB}</UniqueIdentifier>
      <Extensions>h;hh;hpp;hxx;h++;hm;inl;inc;ipp;xsd</Extensions>
    </Filter>
    <Filter Include="Resource Files">
      <UniqueIdentifier>{67DA6AB6-F800-4c08-8B7A-83BB121AAD01}</UniqueIdentifier>
      <Extensions>rc;ico;cur;bmp;dlg;rc2;rct;bin;rgs;gif;jpg;jpeg;jpe;resx;tiff;tif;png;wav;mfcribbon-ms</Extensions>
    </Filter>
    <Filter Include="Source Files\Objects">
      <UniqueIdentifier>{90474dbc-0bd6-4fda-be80-f54c174b8572}</UniqueIdentifier>
    </Filter>
    <Filter Include="Source Files\Tilemap">
      <UniqueIdentifier>{e7f7324d-2b70-472d-80db-d8bf90351c8e}</UniqueIdentifier>
    </Filter>
    <Filter Include="Header Files\Interface">
      <UniqueIdentifier>{46cb37da-28bf-4b6a-8dab-ee9f81c84771}</UniqueIdentifier>
    </Filter>
    <Filter Include="Header Files\Tilemap">
      <UniqueIdentifier>{8174055f-12de-4aef-8dd4-be7999522ab1}</UniqueIdentifier>
    </Filter>
    <Filter Include="Header Files\Objects">
      <UniqueIdentifier>{0d9345e4-f8f0-427b-b68c-13b5b3564f93}</UniqueIdentifier>
    </Filter>
    <Filter Include="Header Files\Objects\Blocks">
      <UniqueIdentifier>{e0c3a3b2-5159-4d29-8287-51e5b52fc692}</UniqueIdentifier>
    </Filter>
    <Filter Include="Source Files\Objects\Blocks">
      <UniqueIdentifier>{6e725bf8-f8c8-495f-8bf9-aabc1cf2a45a}</UniqueIdentifier>
    </Filter>
    <Filter Include="Source Files\UI">
      <UniqueIdentifier>{e81be271-1fc8-45cd-b1da-c9c101657fae}</UniqueIdentifier>
    </Filter>
    <Filter Include="Source Files\UI\StartUI">
      <UniqueIdentifier>{a251639d-ecf9-48c2-bc34-00dbda66f147}</UniqueIdentifier>
    </Filter>
    <Filter Include="Header Files\UI">
      <UniqueIdentifier>{58e33836-8cf7-48d0-85a9-02468b188380}</UniqueIdentifier>
    </Filter>
    <Filter Include="Header Files\UI\StartUI">
      <UniqueIdentifier>{22805372-e717-4e78-a579-bea8dd8b04fa}</UniqueIdentifier>
    </Filter>
    <Filter Include="Source Files\UX">
      <UniqueIdentifier>{caed36b1-e909-4189-abe5-e57b895490cf}</UniqueIdentifier>
    </Filter>
    <Filter Include="Source Files\UI\ToolkitUI">
      <UniqueIdentifier>{daabfda8-b5ce-4556-a142-bcb4b5b8b797}</UniqueIdentifier>
    </Filter>
    <Filter Include="Header Files\UI\ToolkitUI">
      <UniqueIdentifier>{0010ce15-ceed-48d3-ad67-0e52b8bbb99e}</UniqueIdentifier>
    </Filter>
    <Filter Include="Header Files\UI\ToolkitUI\Set">
      <UniqueIdentifier>{c76cc346-f2ac-432a-babc-f166954c2128}</UniqueIdentifier>
    </Filter>
    <Filter Include="Header Files\UI\ToolkitUI\Room">
      <UniqueIdentifier>{bca317d9-409b-41ca-9a34-aadeb843ecd4}</UniqueIdentifier>
    </Filter>
    <Filter Include="Source Files\UI\ToolkitUI\Set">
      <UniqueIdentifier>{37c71f06-d2ef-4b13-9511-f65b0879d026}</UniqueIdentifier>
    </Filter>
    <Filter Include="Source Files\UI\ToolkitUI\Room">
      <UniqueIdentifier>{86b132a9-4e4f-4d1b-a05b-c372b54c00ea}</UniqueIdentifier>
    </Filter>
    <Filter Include="Header Files\UI\ToolkitUI\Other">
      <UniqueIdentifier>{1368b629-586f-4723-b211-51a6db47085e}</UniqueIdentifier>
    </Filter>
    <Filter Include="Source Files\UI\ToolkitUI\Other">
      <UniqueIdentifier>{fdf8255f-44c8-48b6-8b29-634cacc92297}</UniqueIdentifier>
    </Filter>
    <Filter Include="Header Files\UI\ToolkitUI\Edit">
      <UniqueIdentifier>{4bbe794e-a3b1-4ba6-b492-beb6c6332771}</UniqueIdentifier>
    </Filter>
    <Filter Include="Source Files\UI\ToolkitUI\Edit">
      <UniqueIdentifier>{14b79f38-f7d8-466d-8973-a9db1d01f909}</UniqueIdentifier>
    </Filter>
    <Filter Include="Source Files\GameMode">
      <UniqueIdentifier>{a65d72d1-804e-4a7a-a438-e9d4ac7ad46f}</UniqueIdentifier>
    </Filter>
    <Filter Include="Header Files\GameMode">
      <UniqueIdentifier>{f8925ab0-261b-473d-9a1e-aa6ca56d6995}</UniqueIdentifier>
    </Filter>
    <Filter Include="Header Files\Base">
      <UniqueIdentifier>{47502fe3-8af2-48c9-af0f-c1736c5887dd}</UniqueIdentifier>
    </Filter>
    <Filter Include="Source Files\Base">
      <UniqueIdentifier>{caeab1ec-60ef-4484-a1bd-f69b2bbc778a}</UniqueIdentifier>
    </Filter>
    <Filter Include="Source Files\UI\StartUI\Button">
      <UniqueIdentifier>{ec2adb48-3838-42cf-b81f-339525caabde}</UniqueIdentifier>
    </Filter>
    <Filter Include="Header Files\UI\StartUI\Button">
      <UniqueIdentifier>{eceb06bd-6e4e-4967-9353-2a95ed061228}</UniqueIdentifier>
    </Filter>
    <Filter Include="Header Files\UI\ScoreUI">
      <UniqueIdentifier>{9efdfe46-dc6b-4995-b77b-7dbe2d6904fa}</UniqueIdentifier>
    </Filter>
    <Filter Include="Source Files\UI\ScoreUI">
      <UniqueIdentifier>{52eeb572-7577-4690-8611-fdb8e6993b14}</UniqueIdentifier>
    </Filter>
    <Filter Include="Source Files\UI\EndGameUI">
      <UniqueIdentifier>{539c1be7-e08c-46a5-a0a5-a75b381421d9}</UniqueIdentifier>
    </Filter>
    <Filter Include="Header Files\UI\EndGameUI">
      <UniqueIdentifier>{21171135-6e55-4e32-b73a-966a11d6f9c0}</UniqueIdentifier>
    </Filter>
    <Filter Include="Header Files\UI\EndGameUI\Button">
      <UniqueIdentifier>{012cea34-0fb0-4875-a0c6-3e38a1802f58}</UniqueIdentifier>
    </Filter>
    <Filter Include="Source Files\UI\EndGameUI\Button">
      <UniqueIdentifier>{c5fc244b-8552-4831-97a8-a335fff890eb}</UniqueIdentifier>
    </Filter>
    <Filter Include="Source Files\Interface">
      <UniqueIdentifier>{bee664ff-4c23-4786-bc56-0cc2c36316b7}</UniqueIdentifier>
    </Filter>
  </ItemGroup>
  <ItemGroup>
    <ClCompile Include="Source.cpp">
      <Filter>Source Files</Filter>
    </ClCompile>
    <ClCompile Include="Player.cpp">
      <Filter>Source Files</Filter>
    </ClCompile>
    <ClCompile Include="PortalClass.cpp">
      <Filter>Source Files\Objects</Filter>
    </ClCompile>
    <ClCompile Include="StrawberryClass.cpp">
      <Filter>Source Files\Objects</Filter>
    </ClCompile>
    <ClCompile Include="Tile.cpp">
      <Filter>Source Files\Tilemap</Filter>
    </ClCompile>
    <ClCompile Include="Room.cpp">
      <Filter>Source Files\Tilemap</Filter>
    </ClCompile>
    <ClCompile Include="Dungeon.cpp">
      <Filter>Source Files\Tilemap</Filter>
    </ClCompile>
    <ClCompile Include="ChargeSoulClass.cpp">
      <Filter>Source Files\Objects</Filter>
    </ClCompile>
    <ClCompile Include="BellClass.cpp">
      <Filter>Source Files\Objects</Filter>
    </ClCompile>
    <ClCompile Include="Knife.cpp">
      <Filter>Source Files</Filter>
    </ClCompile>
    <ClCompile Include="NormalBlockClass.cpp">
      <Filter>Source Files\Objects\Blocks</Filter>
    </ClCompile>
    <ClCompile Include="DeleteBlockClass.cpp">
      <Filter>Source Files\Objects\Blocks</Filter>
    </ClCompile>
    <ClCompile Include="UI.cpp">
      <Filter>Source Files\UI</Filter>
    </ClCompile>
    <ClCompile Include="ClickableSprite.cpp">
      <Filter>Source Files\UI</Filter>
    </ClCompile>
    <ClCompile Include="ToolkitUI.cpp">
      <Filter>Source Files\UI\ToolkitUI</Filter>
    </ClCompile>
    <ClCompile Include="SetDropDownButton.cpp">
      <Filter>Source Files\UI\ToolkitUI\Set</Filter>
    </ClCompile>
    <ClCompile Include="SetDropDownListButton.cpp">
      <Filter>Source Files\UI\ToolkitUI\Set</Filter>
    </ClCompile>
    <ClCompile Include="RoomDropDownButton.cpp">
      <Filter>Source Files\UI\ToolkitUI\Room</Filter>
    </ClCompile>
    <ClCompile Include="RoomDropDownList.cpp">
      <Filter>Source Files\UI\ToolkitUI\Room</Filter>
    </ClCompile>
    <ClCompile Include="CreateNewRoomButton.cpp">
      <Filter>Source Files\UI\ToolkitUI\Other</Filter>
    </ClCompile>
    <ClCompile Include="CreateNewSetButton.cpp">
      <Filter>Source Files\UI\ToolkitUI\Other</Filter>
    </ClCompile>
    <ClCompile Include="DeleteRoomButton.cpp">
      <Filter>Source Files\UI\ToolkitUI\Other</Filter>
    </ClCompile>
    <ClCompile Include="DeleteSetButton.cpp">
      <Filter>Source Files\UI\ToolkitUI\Other</Filter>
    </ClCompile>
    <ClCompile Include="EditButton.cpp">
      <Filter>Source Files\UI\ToolkitUI\Other</Filter>
    </ClCompile>
    <ClCompile Include="ItemIcomButton.cpp">
      <Filter>Source Files\UI\ToolkitUI\Other</Filter>
    </ClCompile>
    <ClCompile Include="SaveButton.cpp">
      <Filter>Source Files\UI\ToolkitUI\Other</Filter>
    </ClCompile>
    <ClCompile Include="NextRoomButton.cpp">
      <Filter>Source Files\UI\ToolkitUI\Room</Filter>
    </ClCompile>
    <ClCompile Include="PreviousRoomButton.cpp">
      <Filter>Source Files\UI\ToolkitUI\Room</Filter>
    </ClCompile>
    <ClCompile Include="ChoosingEdge.cpp">
      <Filter>Source Files\UI\ToolkitUI\Edit</Filter>
    </ClCompile>
    <ClCompile Include="CliffButton.cpp">
      <Filter>Source Files\UI\ToolkitUI\Edit</Filter>
    </ClCompile>
    <ClCompile Include="FloorButton.cpp">
      <Filter>Source Files\UI\ToolkitUI\Edit</Filter>
    </ClCompile>
    <ClCompile Include="TextUI.cpp">
      <Filter>Source Files\UI</Filter>
    </ClCompile>
    <ClCompile Include="GameMode.cpp">
      <Filter>Source Files\GameMode</Filter>
    </ClCompile>
    <ClCompile Include="MainMenuMode.cpp">
      <Filter>Source Files\GameMode</Filter>
    </ClCompile>
    <ClCompile Include="PlayMode.cpp">
      <Filter>Source Files\GameMode</Filter>
    </ClCompile>
    <ClCompile Include="ToolkitMode.cpp">
      <Filter>Source Files\GameMode</Filter>
    </ClCompile>
    <ClCompile Include="Collision.cpp">
      <Filter>Source Files\Base</Filter>
    </ClCompile>
    <ClCompile Include="GameBaseClass.cpp">
      <Filter>Source Files\Base</Filter>
    </ClCompile>
    <ClCompile Include="GameRenderer.cpp">
      <Filter>Source Files\Base</Filter>
    </ClCompile>
    <ClCompile Include="GameSprite.cpp">
      <Filter>Source Files\Base</Filter>
    </ClCompile>
    <ClCompile Include="KeyPress.cpp">
      <Filter>Source Files\Base</Filter>
    </ClCompile>
    <ClCompile Include="Load.cpp">
      <Filter>Source Files\Base</Filter>
    </ClCompile>
    <ClCompile Include="WorldControl.cpp">
      <Filter>Source Files\Base</Filter>
    </ClCompile>
    <ClCompile Include="Update.cpp">
      <Filter>Source Files\Base</Filter>
    </ClCompile>
    <ClCompile Include="UX.cpp">
      <Filter>Source Files\UX</Filter>
    </ClCompile>
    <ClCompile Include="KeyClass.cpp">
      <Filter>Source Files\Objects</Filter>
    </ClCompile>
    <ClCompile Include="StartUI.cpp">
      <Filter>Source Files\UI\StartUI</Filter>
    </ClCompile>
    <ClCompile Include="ExitButton.cpp">
      <Filter>Source Files\UI\StartUI\Button</Filter>
    </ClCompile>
    <ClCompile Include="PlayButton.cpp">
      <Filter>Source Files\UI\StartUI\Button</Filter>
    </ClCompile>
    <ClCompile Include="ScoreButton.cpp">
      <Filter>Source Files\UI\StartUI\Button</Filter>
    </ClCompile>
    <ClCompile Include="SettingButton.cpp">
      <Filter>Source Files\UI\StartUI\Button</Filter>
    </ClCompile>
    <ClCompile Include="ToolkitButton.cpp">
      <Filter>Source Files\UI\StartUI\Button</Filter>
    </ClCompile>
    <ClCompile Include="ScoreUI.cpp">
      <Filter>Source Files\UI\ScoreUI</Filter>
    </ClCompile>
    <ClCompile Include="EndGameMode.cpp">
      <Filter>Source Files\GameMode</Filter>
    </ClCompile>
    <ClCompile Include="EndGameUI.cpp">
      <Filter>Source Files\UI\EndGameUI</Filter>
    </ClCompile>
    <ClCompile Include="ChangeRunNameButton.cpp">
      <Filter>Source Files\UI\EndGameUI\Button</Filter>
    </ClCompile>
    <ClCompile Include="MoveableBlockClass.cpp">
      <Filter>Source Files\Objects\Blocks</Filter>
    </ClCompile>
    <ClCompile Include="ObjectDropDown.cpp">
      <Filter>Source Files\UI\ToolkitUI</Filter>
    </ClCompile>
    <ClCompile Include="Input.cpp">
      <Filter>Source Files\Interface</Filter>
    </ClCompile>
    <ClCompile Include="Output.cpp">
      <Filter>Source Files\Interface</Filter>
    </ClCompile>
    <ClCompile Include="SignalBlock.cpp">
      <Filter>Source Files\Objects\Blocks</Filter>
    </ClCompile>
    <ClCompile Include="Switch.cpp">
      <Filter>Source Files\Objects</Filter>
    </ClCompile>
  </ItemGroup>
  <ItemGroup>
    <ClInclude Include="Player.h">
      <Filter>Header Files</Filter>
    </ClInclude>
    <ClInclude Include="Walkable.h">
      <Filter>Header Files\Interface</Filter>
    </ClInclude>
    <ClInclude Include="MeleeAttackable.h">
      <Filter>Header Files\Interface</Filter>
    </ClInclude>
    <ClInclude Include="Dungeon.h">
      <Filter>Header Files\Tilemap</Filter>
    </ClInclude>
    <ClInclude Include="Room.h">
      <Filter>Header Files\Tilemap</Filter>
    </ClInclude>
    <ClInclude Include="Tile.h">
      <Filter>Header Files\Tilemap</Filter>
    </ClInclude>
    <ClInclude Include="PortalClass.h">
      <Filter>Header Files\Objects</Filter>
    </ClInclude>
    <ClInclude Include="StrawberryClass.h">
      <Filter>Header Files\Objects</Filter>
    </ClInclude>
    <ClInclude Include="ChargeSoulClass.h">
      <Filter>Header Files\Objects</Filter>
    </ClInclude>
    <ClInclude Include="Knife.h">
      <Filter>Header Files</Filter>
    </ClInclude>
    <ClInclude Include="KnifeInteractable.h">
      <Filter>Header Files\Interface</Filter>
    </ClInclude>
    <ClInclude Include="BellClass.h">
      <Filter>Header Files\Objects</Filter>
    </ClInclude>
    <ClInclude Include="NormalBlockClass.h">
      <Filter>Header Files\Objects\Blocks</Filter>
    </ClInclude>
    <ClInclude Include="DeleteBlockClass.h">
      <Filter>Header Files\Objects\Blocks</Filter>
    </ClInclude>
    <ClInclude Include="UI.h">
      <Filter>Header Files\UI</Filter>
    </ClInclude>
    <ClInclude Include="ClickableSprite.h">
      <Filter>Header Files\UI</Filter>
    </ClInclude>
    <ClInclude Include="AllButton.h">
      <Filter>Header Files\UI</Filter>
    </ClInclude>
    <ClInclude Include="UX.h">
      <Filter>Header Files</Filter>
    </ClInclude>
    <ClInclude Include="ToolkitUI.h">
      <Filter>Header Files\UI\ToolkitUI</Filter>
    </ClInclude>
    <ClInclude Include="SetDropDownListButton.h">
      <Filter>Header Files\UI\ToolkitUI\Set</Filter>
    </ClInclude>
    <ClInclude Include="SetDropDownButton.h">
      <Filter>Header Files\UI\ToolkitUI\Set</Filter>
    </ClInclude>
    <ClInclude Include="RoomDropDownButton.h">
      <Filter>Header Files\UI\ToolkitUI\Room</Filter>
    </ClInclude>
    <ClInclude Include="RoomDropDownList.h">
      <Filter>Header Files\UI\ToolkitUI\Room</Filter>
    </ClInclude>
    <ClInclude Include="CreateNewRoomButton.h">
      <Filter>Header Files\UI\ToolkitUI\Other</Filter>
    </ClInclude>
    <ClInclude Include="CreateNewSetButton.h">
      <Filter>Header Files\UI\ToolkitUI\Other</Filter>
    </ClInclude>
    <ClInclude Include="DeleteRoomButton.h">
      <Filter>Header Files\UI\ToolkitUI\Other</Filter>
    </ClInclude>
    <ClInclude Include="DeleteSetButton.h">
      <Filter>Header Files\UI\ToolkitUI\Other</Filter>
    </ClInclude>
    <ClInclude Include="EditButton.h">
      <Filter>Header Files\UI\ToolkitUI\Other</Filter>
    </ClInclude>
    <ClInclude Include="ItemIcomButton.h">
      <Filter>Header Files\UI\ToolkitUI\Other</Filter>
    </ClInclude>
    <ClInclude Include="SaveButton.h">
      <Filter>Header Files\UI\ToolkitUI\Other</Filter>
    </ClInclude>
    <ClInclude Include="NextRoomButton.h">
      <Filter>Header Files\UI\ToolkitUI\Room</Filter>
    </ClInclude>
    <ClInclude Include="PreviousRoomButton.h">
      <Filter>Header Files\UI\ToolkitUI\Room</Filter>
    </ClInclude>
    <ClInclude Include="ChoosingEdge.h">
      <Filter>Header Files\UI\ToolkitUI\Edit</Filter>
    </ClInclude>
    <ClInclude Include="CliffButton.h">
      <Filter>Header Files\UI\ToolkitUI\Edit</Filter>
    </ClInclude>
    <ClInclude Include="FloorButton.h">
      <Filter>Header Files\UI\ToolkitUI\Edit</Filter>
    </ClInclude>
    <ClInclude Include="GameMode.h">
      <Filter>Header Files\GameMode</Filter>
    </ClInclude>
    <ClInclude Include="MainMenuMode.h">
      <Filter>Header Files\GameMode</Filter>
    </ClInclude>
    <ClInclude Include="PlayMode.h">
      <Filter>Header Files\GameMode</Filter>
    </ClInclude>
    <ClInclude Include="ToolkitMode.h">
      <Filter>Header Files\GameMode</Filter>
    </ClInclude>
    <ClInclude Include="Collision.h">
      <Filter>Header Files\Base</Filter>
    </ClInclude>
    <ClInclude Include="GameBaseClass.h">
      <Filter>Header Files\Base</Filter>
    </ClInclude>
    <ClInclude Include="GameRenderer.h">
      <Filter>Header Files\Base</Filter>
    </ClInclude>
    <ClInclude Include="GameSprite.h">
      <Filter>Header Files\Base</Filter>
    </ClInclude>
    <ClInclude Include="KeyPress.h">
      <Filter>Header Files\Base</Filter>
    </ClInclude>
    <ClInclude Include="Load.h">
      <Filter>Header Files\Base</Filter>
    </ClInclude>
    <ClInclude Include="SFML.h">
      <Filter>Header Files\Base</Filter>
    </ClInclude>
    <ClInclude Include="Update.h">
      <Filter>Header Files\Base</Filter>
    </ClInclude>
    <ClInclude Include="WorldControl.h">
      <Filter>Header Files\Base</Filter>
    </ClInclude>
    <ClInclude Include="KeyClass.h">
      <Filter>Header Files\Objects</Filter>
    </ClInclude>
    <ClInclude Include="StartUI.h">
      <Filter>Header Files\UI\StartUI</Filter>
    </ClInclude>
    <ClInclude Include="ExitButton.h">
      <Filter>Header Files\UI\StartUI\Button</Filter>
    </ClInclude>
    <ClInclude Include="PlayButton.h">
      <Filter>Header Files\UI\StartUI\Button</Filter>
    </ClInclude>
    <ClInclude Include="ScoreButton.h">
      <Filter>Header Files\UI\StartUI\Button</Filter>
    </ClInclude>
    <ClInclude Include="SettingButton.h">
      <Filter>Header Files\UI\StartUI\Button</Filter>
    </ClInclude>
    <ClInclude Include="ToolkitButton.h">
      <Filter>Header Files\UI\StartUI\Button</Filter>
    </ClInclude>
    <ClInclude Include="ScoreUI.h">
      <Filter>Header Files\UI\ScoreUI</Filter>
    </ClInclude>
    <ClInclude Include="EndGameMode.h">
      <Filter>Header Files\GameMode</Filter>
    </ClInclude>
    <ClInclude Include="EndGameUI.h">
      <Filter>Header Files\UI\EndGameUI</Filter>
    </ClInclude>
    <ClInclude Include="ChangeRunNameButton.h">
      <Filter>Header Files\UI\EndGameUI\Button</Filter>
    </ClInclude>
    <ClInclude Include="MoveableBlockClass.h">
      <Filter>Header Files\Objects\Blocks</Filter>
    </ClInclude>
    <ClInclude Include="ObjectDropDown.h">
      <Filter>Header Files\UI\ToolkitUI</Filter>
    </ClInclude>
    <ClInclude Include="TextUI.h">
      <Filter>Header Files\UI</Filter>
    </ClInclude>
    <ClInclude Include="Input.h">
      <Filter>Header Files\Interface</Filter>
    </ClInclude>
    <ClInclude Include="Output.h">
      <Filter>Header Files\Interface</Filter>
    </ClInclude>
    <ClInclude Include="SignalBlockClass.h">
      <Filter>Header Files\Objects\Blocks</Filter>
    </ClInclude>
    <ClInclude Include="SwitchClass.h">
      <Filter>Header Files\Objects</Filter>
    </ClInclude>
  </ItemGroup>
</Project>