
Microsoft Visual Studio Solution File, Format Version 12.00
# Visual Studio Version 16
VisualStudioVersion = 16.0.31624.102
MinimumVisualStudioVersion = 10.0.40219.1
Project("{8BC9CEB8-8B4A-11D0-8D11-00A0C91BC942}") = "Project1", "Project1\Project1.vcxproj", "{A47BC072-11DF-4368-AE51-5FFD66D3D709}"
EndProject
Global
	GlobalSection(SolutionConfigurationPlatforms) = preSolution
		Debug|x64 = Debug|x64
		Debug|x86 = Debug|x86
		Release|x64 = Release|x64
		Release|x86 = Release|x86
	EndGlobalSection
	GlobalSection(ProjectConfigurationPlatforms) = postSolution
		{A47BC072-11DF-4368-AE51-5FFD66D3D709}.Debug|x64.ActiveCfg = Debug|x64
		{A47BC072-11DF-4368-AE51-5FFD66D3D709}.Debug|x64.Build.0 = Debug|x64
		{A47BC072-11DF-4368-AE51-5FFD66D3D709}.Debug|x86.ActiveCfg = Debug|Win32
		{A47BC072-11DF-4368-AE51-5FFD66D3D709}.Debug|x86.Build.0 = Debug|Win32
		{A47BC072-11DF-4368-AE51-5FFD66D3D709}.Release|x64.ActiveCfg = Release|x64
		{A47BC072-11DF-4368-AE51-5FFD66D3D709}.Release|x64.Build.0 = Release|x64
		{A47BC072-11DF-4368-AE51-5FFD66D3D709}.Release|x86.ActiveCfg = Release|Win32
		{A47BC072-11DF-4368-AE51-5FFD66D3D709}.Release|x86.Build.0 = Release|Win32
	EndGlobalSection
	GlobalSection(SolutionProperties) = preSolution
		HideSolutionNode = FALSE
	EndGlobalSection
	GlobalSection(ExtensibilityGlobals) = postSolution
		SolutionGuid = {3C627844-A037-423B-BC50-76A26E02FE02}
	EndGlobalSection
EndGlobal
